
Microsoft Visual Studio Solution File, Format Version 12.00
# Visual Studio Version 17
VisualStudioVersion = 17.14.36511.14 d17.14
MinimumVisualStudioVersion = 10.0.40219.1
Project("{FAE04EC0-301F-11D3-BF4B-00C04F79EFBC}") = "WebApplication1", "WebApplication1\WebApplication1.csproj", "{B55206AB-4227-4FE3-8769-CE9F70B7F067}"
EndProject
Global
	GlobalSection(SolutionConfigurationPlatforms) = preSolution
		Debug|Any CPU = Debug|Any CPU
		Release|Any CPU = Release|Any CPU
	EndGlobalSection
	GlobalSection(ProjectConfigurationPlatforms) = postSolution
		{B55206AB-4227-4FE3-8769-CE9F70B7F067}.Debug|Any CPU.ActiveCfg = Debug|Any CPU
		{B55206AB-4227-4FE3-8769-CE9F70B7F067}.Debug|Any CPU.Build.0 = Debug|Any CPU
		{B55206AB-4227-4FE3-8769-CE9F70B7F067}.Release|Any CPU.ActiveCfg = Release|Any CPU
		{B55206AB-4227-4FE3-8769-CE9F70B7F067}.Release|Any CPU.Build.0 = Release|Any CPU
	EndGlobalSection
	GlobalSection(SolutionProperties) = preSolution
		HideSolutionNode = FALSE
	EndGlobalSection
	GlobalSection(ExtensibilityGlobals) = postSolution
		SolutionGuid = {55B127EE-B420-4BCE-8BE4-6F44AFA165E8}
	EndGlobalSection
EndGlobal
